{
  "lockfileVersion": 1,
  "configVersion": 1,
  "workspaces": {
    "": {
      "name": "edne-correios-loader",
      "dependencies": {
        "@drizzle-team/brocli": "^0.12.0",
      },
      "devDependencies": {
        "@biomejs/biome": "^2.5.1",
        "@types/bun": "^1.3.14",
        "dprint": "^0.55.1",
        "mitata": "^1.0.34",
        "oxlint": "^1.72.0",
      },
      "peerDependencies": {
        "typescript": "^6.0.3",
      },
    },
  },
  "packages": {
    "@biomejs/biome": ["@biomejs/biome@2.5.1", "", { "optionalDependencies": { "@biomejs/cli-darwin-arm64": "2.5.1", "@biomejs/cli-darwin-x64": "2.5.1", "@biomejs/cli-linux-arm64": "2.5.1", "@biomejs/cli-linux-arm64-musl": "2.5.1", "@biomejs/cli-linux-x64": "2.5.1", "@biomejs/cli-linux-x64-musl": "2.5.1", "@biomejs/cli-win32-arm64": "2.5.1", "@biomejs/cli-win32-x64": "2.5.1" }, "bin": { "biome": "bin/biome" } }, "sha512-IXWLCxKmae+rI7LOHS1B3EbVisQ6GRAWbhN9msa6KjNCyFWrvKZWR4oUdinaNssrV852OrSHuSPa95h1GPJc7Q=="],

    "@biomejs/cli-darwin-arm64": ["@biomejs/cli-darwin-arm64@2.5.1", "", { "os": "darwin", "cpu": "arm64" }, "sha512-npqDzvqv7vFaWRiNN1Te71siRgPaqS9MpqgYCdP/CrUbkJ7ApezaeaKjueKHRN/JH/6lRjJQAHi8acQDCAz22w=="],

    "@biomejs/cli-darwin-x64": ["@biomejs/cli-darwin-x64@2.5.1", "", { "os": "darwin", "cpu": "x64" }, "sha512-RgwTqPAM8g2tn1j+b5oRjF/DbSBX8a4gwojtuG9XuhfK7GgomvZ9+T+tqjXiVbjLEeGJOoL6VEk8mvRTVeSybw=="],

    "@biomejs/cli-linux-arm64": ["@biomejs/cli-linux-arm64@2.5.1", "", { "os": "linux", "cpu": "arm64" }, "sha512-yhV35CzZh38VyMvTEXi3JTjxZBs++oCKK9KG8vB6VI5+uvQvZNR3BFWEKKzuOmx9DJJj7sQpZ4LQJcmbGTs3+Q=="],

    "@biomejs/cli-linux-arm64-musl": ["@biomejs/cli-linux-arm64-musl@2.5.1", "", { "os": "linux", "cpu": "arm64" }, "sha512-WMcvMLgByyTqVxGlq918NBBYliq9FRR9GAQVETHb+VjGVqXCZFfHlZHC1FX4ibuYY/Hg6TJE3rHU0xVrdJXNRw=="],

    "@biomejs/cli-linux-x64": ["@biomejs/cli-linux-x64@2.5.1", "", { "os": "linux", "cpu": "x64" }, "sha512-J/7uHSX7NfoYDI7HijAkd8lnQIOrRb2W7j3X+tw4R+N5ExvXGsyXFiGdQcfcxfOmNQmZVSQOCDk757fwpzqQcg=="],

    "@biomejs/cli-linux-x64-musl": ["@biomejs/cli-linux-x64-musl@2.5.1", "", { "os": "linux", "cpu": "x64" }, "sha512-ANTowtlLmPYm5yeMckWY8Xzb9Ix+JJP3tgHR/n6xRj1VWyIzzWtfRfih9hv9VmClwadpBvZduISZIbBsIlYG3A=="],

    "@biomejs/cli-win32-arm64": ["@biomejs/cli-win32-arm64@2.5.1", "", { "os": "win32", "cpu": "arm64" }, "sha512-zgXnKNgWPC4iPF7Y1lR3STUeCUuZRpD6IiOrC7TZTlh0Lx6FiVUT05myuMQHQ9D+1cc7uyMldi4forE6lp0ivQ=="],

    "@biomejs/cli-win32-x64": ["@biomejs/cli-win32-x64@2.5.1", "", { "os": "win32", "cpu": "x64" }, "sha512-6uxpR9hvaglANkZemeSiN/FhYgkGasrEGn267eXIWvjrjJ2LhDlk251IhjVJq6MXzkV2/bcXwLwSroLyPtqRZg=="],

    "@dprint/android-arm64": ["@dprint/android-arm64@0.55.1", "", { "os": "android", "cpu": "arm64" }, "sha512-H1UQIcBJEo1dA8AVrkPnw5AYMMGHNe4w0lq9rEDSY3Lds0VUKACu2MK3JLNARpjljh3WKeO109J26Wpq8PTuGQ=="],

    "@dprint/android-x64": ["@dprint/android-x64@0.55.1", "", { "os": "android", "cpu": "x64" }, "sha512-8dPiGpEo4S4cQhnLaoHtNm4HiqR9DIPr/81z3gWb5qTmJp8bKj+3DO4mAmmldMRBicmpXCss0xudniNTxnWOMg=="],

    "@dprint/darwin-arm64": ["@dprint/darwin-arm64@0.55.1", "", { "os": "darwin", "cpu": "arm64" }, "sha512-c65u8f63R/etCKP0CZ/RkbMCRC99wgZDt/vhwjY2QdO0k23dMKXKEV6+ruUEwV2toh+QIRT02dRL7BtxjA0V7w=="],

    "@dprint/darwin-x64": ["@dprint/darwin-x64@0.55.1", "", { "os": "darwin", "cpu": "x64" }, "sha512-AsET9+4rMk7ZFEMq3HYl/hYNBMBrR/juiSzclEU0oUCf3koxFbVKL8Srad8Vhyv8jEnOaMn78TCnahmHhp1SCQ=="],

    "@dprint/linux-arm64-glibc": ["@dprint/linux-arm64-glibc@0.55.1", "", { "os": "linux", "cpu": "arm64" }, "sha512-vt7w+aL2MjtD3RRfnUTDuK/b7xg1/feBe3WoV0S2rGNmPEJI+K7wwBXkOl/I77V9w3PP2zvN/aRY5dMOZrkbSg=="],

    "@dprint/linux-arm64-musl": ["@dprint/linux-arm64-musl@0.55.1", "", { "os": "linux", "cpu": "arm64" }, "sha512-7shUIOvJcTn4IYEPlb/Up4KLt5kbDuCTdc3DN68i88XT+nRBFQatD7Qok+6Ysra34KJMxF88QVHiimjH1ABy4A=="],

    "@dprint/linux-loong64-glibc": ["@dprint/linux-loong64-glibc@0.55.1", "", { "os": "linux", "cpu": "none" }, "sha512-G2mXiOGpkeC3LP8huSnImxU7hMvRY6rHIW+yBuw1vDDm5r6+H9CVhcXr3TMOk3poZ7IlWwQnDmP0/RuGQUEpYw=="],

    "@dprint/linux-loong64-musl": ["@dprint/linux-loong64-musl@0.55.1", "", { "os": "linux", "cpu": "none" }, "sha512-uO2r4QPYawDfQUyATr0opqfMkG2hVpz3yScRKs5ve9PWzqx2f5kJaaLuLVoXwSbWqDkozMGPcldAVSpOwGJ24Q=="],

    "@dprint/linux-ppc64-glibc": ["@dprint/linux-ppc64-glibc@0.55.1", "", { "os": "linux", "cpu": "ppc64" }, "sha512-NVR+BN4kTQd/vJ91YOGSkBotAM2f1hFD+HD5zq5Oc1djxjl1U2Zvc667UWKamxaXdv/ssZxkLuj0lbvbx9E3/A=="],

    "@dprint/linux-ppc64-musl": ["@dprint/linux-ppc64-musl@0.55.1", "", { "os": "linux", "cpu": "ppc64" }, "sha512-34Db83XGoKbwmvIY52sokywIMCmmIZM1vzw4ILlOkKugG51TltBOzLCssT9Rkfxz/TjR9dgwtBHEQJZjftuQ6Q=="],

    "@dprint/linux-riscv64-glibc": ["@dprint/linux-riscv64-glibc@0.55.1", "", { "os": "linux", "cpu": "none" }, "sha512-MVeYH48GhR3QkfhMhhYbXl9x+iO2sK1nNpr2ByJ4IKogHIlvlFff0eeukqAZZAod+rhAzJnLMBGgIDbIUHWK1g=="],

    "@dprint/linux-x64-glibc": ["@dprint/linux-x64-glibc@0.55.1", "", { "os": "linux", "cpu": "x64" }, "sha512-ILHgXOIIXeZDjt51egaC4kmu744UuNfaauUM1El+dG9QGan4Vv4f0RRDDbQMKN95zTpacECuNKEhuUtS8euNWA=="],

    "@dprint/linux-x64-musl": ["@dprint/linux-x64-musl@0.55.1", "", { "os": "linux", "cpu": "x64" }, "sha512-SwWxWd313VkeH63fR4IlQCDfJNJ+mSw50BidP0PQInCNbUHYOIeWTcyzAaVa8GQdLvmhiNcJ0pmTDOL0F98QIQ=="],

    "@dprint/win32-arm64": ["@dprint/win32-arm64@0.55.1", "", { "os": "win32", "cpu": "arm64" }, "sha512-9jiZWZ2AkaaXIkaOpOoiP6v0XxuBFp1Hyi3kUMUAY4NVCmvlSEDQhr+UZgnDhozYygDbAV13iNMLERDeoUa0nA=="],

    "@dprint/win32-x64": ["@dprint/win32-x64@0.55.1", "", { "os": "win32", "cpu": "x64" }, "sha512-+RmeJL8zzlEWTcrvyFN51rz0S98tV43Socs7xeVGE2S/EH5dG2fG2/fBe6RB3kuyZSfGqByApYeicIdshYIAgw=="],

    "@drizzle-team/brocli": ["@drizzle-team/brocli@0.12.0", "", {}, "sha512-mlUE+rZ8CatQekLhnaiN91Iemdd+e2gFKooGlnRB3oPTL3VghLfX24dx7HrzMNeC1JrIB/0kpsfyty3f5HNfxQ=="],

    "@oxlint/binding-android-arm-eabi": ["@oxlint/binding-android-arm-eabi@1.72.0", "", { "os": "android", "cpu": "arm" }, "sha512-zhCmvn+1Mj3UchAc/90i99S0t7jJUsHmFVSPg4UWrjO8b8eaSGwscgO6QAUtvHBstkjQwBttQNswEnAF1mIQdA=="],

    "@oxlint/binding-android-arm64": ["@oxlint/binding-android-arm64@1.72.0", "", { "os": "android", "cpu": "arm64" }, "sha512-mtH+aY/ozv1eZoCUC2owjFAtyNBKHpJHygKeEu9zXXnQGW1Q2/qOpvx+I+Lf23+TvTz66F4iiXUbl2cGvoLPCQ=="],

    "@oxlint/binding-darwin-arm64": ["@oxlint/binding-darwin-arm64@1.72.0", "", { "os": "darwin", "cpu": "arm64" }, "sha512-EvnajNPDtfknB3ZieeOOyDTwJn9QXDiwfnF4ZDQqART6RG6hjY4WigQcZdGoK2dkB3e1vrmEzN9aYbQCUkh/gQ=="],

    "@oxlint/binding-darwin-x64": ["@oxlint/binding-darwin-x64@1.72.0", "", { "os": "darwin", "cpu": "x64" }, "sha512-ZkCdEa/G80A7vEHfeCDz/+L3m33DE73v32mDKhgOIgz8Uwf0DFcK7+uu6qC+7LEhmz5fpOe1osWKyjSNMydFIQ=="],

    "@oxlint/binding-freebsd-x64": ["@oxlint/binding-freebsd-x64@1.72.0", "", { "os": "freebsd", "cpu": "x64" }, "sha512-NroXv2vh+sxVY1uya/rM5pjhx1hm8BzlYpx9q67QP0Xhw5MH2bf5GJylpvLEC+781p1Xli/317EoV9AlGwViag=="],

    "@oxlint/binding-linux-arm-gnueabihf": ["@oxlint/binding-linux-arm-gnueabihf@1.72.0", "", { "os": "linux", "cpu": "arm" }, "sha512-0NDywYgfj279Ou/BcQuCYSj7NJwBfmWn5qc5uGO/Ny7fUWmXyIpvawqX/8acQlWG6IXelJsJhj+JAy6sjsKj0A=="],

    "@oxlint/binding-linux-arm-musleabihf": ["@oxlint/binding-linux-arm-musleabihf@1.72.0", "", { "os": "linux", "cpu": "arm" }, "sha512-4vpXB06h65Ezsy4hRyrGjGrfa1SkVPii09yaajiYhmVpgsFiLD+KNxIx/BNAY+XiO+i1yqp9HHdwqM8VTqa5XQ=="],

    "@oxlint/binding-linux-arm64-gnu": ["@oxlint/binding-linux-arm64-gnu@1.72.0", "", { "os": "linux", "cpu": "arm64" }, "sha512-immaN4g2ZGFiOkKrvRX9LvzZdd2GkQM5wR+UyzYyUuyhUTXGQ4HKUJH18xp4G8OfhCVaVAJfKZxwE1r8+4hhaQ=="],

    "@oxlint/binding-linux-arm64-musl": ["@oxlint/binding-linux-arm64-musl@1.72.0", "", { "os": "linux", "cpu": "arm64" }, "sha512-JGHS9Mnr7iWyyLDxgCv1MhzVpAckgptg00F2gnxt/GD7lQ2SW1BRcxHqhSTaSdDpjWRrBkBxMMh4+Hn3aVtExg=="],

    "@oxlint/binding-linux-ppc64-gnu": ["@oxlint/binding-linux-ppc64-gnu@1.72.0", "", { "os": "linux", "cpu": "ppc64" }, "sha512-AOYgBZqxNshrg83P9v0RYv+m8s10Cqkj4/PxXFDhcS3k7FqsIG5+CxErshZCIN7G8iy4Y+VGfAsuEdar8AcbBg=="],

    "@oxlint/binding-linux-riscv64-gnu": ["@oxlint/binding-linux-riscv64-gnu@1.72.0", "", { "os": "linux", "cpu": "none" }, "sha512-QMybPS5ij3/vrKG67mqzHwW++91sYxK/PPUVi6SBtNCEzW4niS52fVBdXbQ6nou0wWbUPEpx8Sl/ZjtgE3clXA=="],

    "@oxlint/binding-linux-riscv64-musl": ["@oxlint/binding-linux-riscv64-musl@1.72.0", "", { "os": "linux", "cpu": "none" }, "sha512-gOc3W7JV0PXRpIL7stUlLe3Wa9Gp0Kdlup87IT3gHDvPKck2xNgMIl/Gs2lldYY2lyXZDC4rWi3hmoLUobkgbQ=="],

    "@oxlint/binding-linux-s390x-gnu": ["@oxlint/binding-linux-s390x-gnu@1.72.0", "", { "os": "linux", "cpu": "s390x" }, "sha512-rpGxph+FjjHcYI5q6uxB3Az+tnfmEnDbSA8+PK9ZE/VzyUAkvBOMeuY7ZQMhu5mpZH7YQDsTdW6Cx4kV/msc6w=="],

    "@oxlint/binding-linux-x64-gnu": ["@oxlint/binding-linux-x64-gnu@1.72.0", "", { "os": "linux", "cpu": "x64" }, "sha512-WND+uhf/Ko13SLqQMWQUgsZuLvYYEvL0ZKgg0tgGYfLqxG7l8Ju123fHDMJyYSDl5E3bUbpFUuii/OvMreFQzw=="],

    "@oxlint/binding-linux-x64-musl": ["@oxlint/binding-linux-x64-musl@1.72.0", "", { "os": "linux", "cpu": "x64" }, "sha512-SrpbrUL70nG9vh6zP4/oKHWgLuHquwsr7MW9XOn0olBVgh10Uqr8qscKhQoBGEn6olK/IUpn5GSKcdQ5AjUhGA=="],

    "@oxlint/binding-openharmony-arm64": ["@oxlint/binding-openharmony-arm64@1.72.0", "", { "os": "none", "cpu": "arm64" }, "sha512-qkrsEn6NmgFKr7U/QnezQMb+q/vzAy0Dd9Y95gQGQTyjzDLN+HRZMuM5u70iyH4nBLCfKBzhjMsYCehKay2jyg=="],

    "@oxlint/binding-win32-arm64-msvc": ["@oxlint/binding-win32-arm64-msvc@1.72.0", "", { "os": "win32", "cpu": "arm64" }, "sha512-LWR6ZlFZph+KPjXv8opgZsXRDCdrdQe8VL8Cg9zxCoBS73h6znzZpydVgmdnwj8mB9AuSM5jxEgDJDpQkjboeg=="],

    "@oxlint/binding-win32-ia32-msvc": ["@oxlint/binding-win32-ia32-msvc@1.72.0", "", { "os": "win32", "cpu": "ia32" }, "sha512-yt6HEh7IsHvtjRWtmeZRX134eaXKHq5Gnqlf1xBJdJl1JtdoRUEJw3nAxpZoUDS860cX/foKbztO441anVBtVQ=="],

    "@oxlint/binding-win32-x64-msvc": ["@oxlint/binding-win32-x64-msvc@1.72.0", "", { "os": "win32", "cpu": "x64" }, "sha512-b2eKFD2hX7tIwmo/cyH6TDq8vzWRZ2qNHrzoGntUTmq0h3zQh/uX3eTSHCwI8OB/ADQfJCRelLItK8BsxuucDA=="],

    "@types/bun": ["@types/bun@1.3.14", "", { "dependencies": { "bun-types": "1.3.14" } }, "sha512-h1hFqFVcvAvD9j9K7ZW7vd82aSA+rTdznZa+5bwvCwqSB1jmmfLcbIWhOLx1/+boy/xmjgCs/OMUL8hRJSmnPw=="],

    "@types/node": ["@types/node@26.0.1", "", { "dependencies": { "undici-types": "~8.3.0" } }, "sha512-fc3KiUoBt6kie0N9bIW3E47vZsuaMf0PM2AaUpLCLT0s/LvX1nxAim6Fc049cNxODPpGm6qRAuUOB86SkRuPQw=="],

    "bun-types": ["bun-types@1.3.14", "", { "dependencies": { "@types/node": "*" } }, "sha512-4N0ig0fEomHt5R0KCFWjovxow98rIoRwKolrYdCcknNwMekCXRnWEUvgu5soYV8QXtVsrUD8B95MBOZGPvr6KQ=="],

    "dprint": ["dprint@0.55.1", "", { "optionalDependencies": { "@dprint/android-arm64": "0.55.1", "@dprint/android-x64": "0.55.1", "@dprint/darwin-arm64": "0.55.1", "@dprint/darwin-x64": "0.55.1", "@dprint/linux-arm64-glibc": "0.55.1", "@dprint/linux-arm64-musl": "0.55.1", "@dprint/linux-loong64-glibc": "0.55.1", "@dprint/linux-loong64-musl": "0.55.1", "@dprint/linux-ppc64-glibc": "0.55.1", "@dprint/linux-ppc64-musl": "0.55.1", "@dprint/linux-riscv64-glibc": "0.55.1", "@dprint/linux-x64-glibc": "0.55.1", "@dprint/linux-x64-musl": "0.55.1", "@dprint/win32-arm64": "0.55.1", "@dprint/win32-x64": "0.55.1" }, "bin": { "dprint": "bin.cjs" } }, "sha512-tgUCT9gAM7veMvLX5NmRoYVLnKGKrIYRXpNpJDJj5U7/YIIJef5rLJhPZaJXwB7ad2Vo0Kv//nQM1xkrn5j8kQ=="],

    "mitata": ["mitata@1.0.34", "", {}, "sha512-Mc3zrtNBKIMeHSCQ0XqRLo1vbdIx1wvFV9c8NJAiyho6AjNfMY8bVhbS12bwciUdd1t4rj8099CH3N3NFahaUA=="],

    "oxlint": ["oxlint@1.72.0", "", { "optionalDependencies": { "@oxlint/binding-android-arm-eabi": "1.72.0", "@oxlint/binding-android-arm64": "1.72.0", "@oxlint/binding-darwin-arm64": "1.72.0", "@oxlint/binding-darwin-x64": "1.72.0", "@oxlint/binding-freebsd-x64": "1.72.0", "@oxlint/binding-linux-arm-gnueabihf": "1.72.0", "@oxlint/binding-linux-arm-musleabihf": "1.72.0", "@oxlint/binding-linux-arm64-gnu": "1.72.0", "@oxlint/binding-linux-arm64-musl": "1.72.0", "@oxlint/binding-linux-ppc64-gnu": "1.72.0", "@oxlint/binding-linux-riscv64-gnu": "1.72.0", "@oxlint/binding-linux-riscv64-musl": "1.72.0", "@oxlint/binding-linux-s390x-gnu": "1.72.0", "@oxlint/binding-linux-x64-gnu": "1.72.0", "@oxlint/binding-linux-x64-musl": "1.72.0", "@oxlint/binding-openharmony-arm64": "1.72.0", "@oxlint/binding-win32-arm64-msvc": "1.72.0", "@oxlint/binding-win32-ia32-msvc": "1.72.0", "@oxlint/binding-win32-x64-msvc": "1.72.0" }, "peerDependencies": { "oxlint-tsgolint": ">=0.22.1", "vite-plus": "*" }, "optionalPeers": ["oxlint-tsgolint", "vite-plus"], "bin": { "oxlint": "bin/oxlint" } }, "sha512-1rhdZIP/EvoI91ABIwNU5Q8+bWf8mjrS5UzIOZld4d4bXxJvtlUhlQvaoTogIGin/qdErMOrwaIJvCSIAKTLhA=="],

    "typescript": ["typescript@5.9.3", "", { "bin": { "tsc": "bin/tsc", "tsserver": "bin/tsserver" } }, "sha512-jl1vZzPDinLr9eUt3J/t7V6FgNEw9QjvBPdysz9KfQDD41fQrC2Y4vKQdiaUpFT4bXlb1RHhLpp8wtm6M5TgSw=="],

    "undici-types": ["undici-types@8.3.0", "", {}, "sha512-j375ScV60dom+YkPFIfTLcOiPxkN/buHz5GobjLhixFuANaNs3C9l4GmrWqejgXWJ7BbJcFYpTEUkS1Ge8bpZQ=="],
  }
}
